// !$*UTF8*$!
{
	archiveVersion = 1;
	classes = {
	};
	objectVersion = 51;
	objects = {

/* Begin PBXBuildFile section */
		441607BBE32492853BB0A5A0 /* Pods_diabetes.framework in Frameworks */ = {isa = PBXBuildFile; fileRef = 7EC33606B2243B7C96169581 /* Pods_diabetes.framework */; };
		6211B29226B13680001B9DFB /* User.swift in Sources */ = {isa = PBXBuildFile; fileRef = 6211B29126B13680001B9DFB /* User.swift */; };
		6211B29426B175DB001B9DFB /* PremiumButtonBorder.swift in Sources */ = {isa = PBXBuildFile; fileRef = 6211B29326B175DB001B9DFB /* PremiumButtonBorder.swift */; };
		6211B29726B1D1CA001B9DFB /* Summary.swift in Sources */ = {isa = PBXBuildFile; fileRef = 6211B29626B1D1CA001B9DFB /* Summary.swift */; };
		6211B29A26B1D8CD001B9DFB /* Premium.swift in Sources */ = {isa = PBXBuildFile; fileRef = 6211B29926B1D8CD001B9DFB /* Premium.swift */; };
		6211B29E26B28E01001B9DFB /* BgColorView.swift in Sources */ = {isa = PBXBuildFile; fileRef = 6211B29D26B28E01001B9DFB /* BgColorView.swift */; };
		6282646A26AD36B200B26785 /* diabetesApp.swift in Sources */ = {isa = PBXBuildFile; fileRef = 6282646926AD36B200B26785 /* diabetesApp.swift */; };
		6282646C26AD36B200B26785 /* TabBarView.swift in Sources */ = {isa = PBXBuildFile; fileRef = 6282646B26AD36B200B26785 /* TabBarView.swift */; };
		6282646E26AD36B400B26785 /* Assets.xcassets in Resources */ = {isa = PBXBuildFile; fileRef = 6282646D26AD36B400B26785 /* Assets.xcassets */; };
		6282647126AD36B400B26785 /* Preview Assets.xcassets in Resources */ = {isa = PBXBuildFile; fileRef = 6282647026AD36B400B26785 /* Preview Assets.xcassets */; };
		6282648826AD399C00B26785 /* Dashboard.swift in Sources */ = {isa = PBXBuildFile; fileRef = 6282648726AD399C00B26785 /* Dashboard.swift */; };
		6282648A26AD39B700B26785 /* DiaryView.swift in Sources */ = {isa = PBXBuildFile; fileRef = 6282648926AD39B700B26785 /* DiaryView.swift */; };
		6282648C26AD39CA00B26785 /* MoreView.swift in Sources */ = {isa = PBXBuildFile; fileRef = 6282648B26AD39CA00B26785 /* MoreView.swift */; };
		6282648E26AD39E000B26785 /* ReportsView.swift in Sources */ = {isa = PBXBuildFile; fileRef = 6282648D26AD39E000B26785 /* ReportsView.swift */; };
		6282649026AD781800B26785 /* DashboardSummary.swift in Sources */ = {isa = PBXBuildFile; fileRef = 6282648F26AD781800B26785 /* DashboardSummary.swift */; };
		6282649226AD83BA00B26785 /* DashboardSummaryCardView.swift in Sources */ = {isa = PBXBuildFile; fileRef = 6282649126AD83BA00B26785 /* DashboardSummaryCardView.swift */; };
		6282649426AD92F100B26785 /* DashboardWidgetHeaderView.swift in Sources */ = {isa = PBXBuildFile; fileRef = 6282649326AD92F100B26785 /* DashboardWidgetHeaderView.swift */; };
		6282649626AD970200B26785 /* DashboardWeeklyView.swift in Sources */ = {isa = PBXBuildFile; fileRef = 6282649526AD970200B26785 /* DashboardWeeklyView.swift */; };
		6282649826AD971100B26785 /* DashboardWaterView.swift in Sources */ = {isa = PBXBuildFile; fileRef = 6282649726AD971100B26785 /* DashboardWaterView.swift */; };
		6282649A26AD973B00B26785 /* DashboardWeightView.swift in Sources */ = {isa = PBXBuildFile; fileRef = 6282649926AD973B00B26785 /* DashboardWeightView.swift */; };
		6282649C26AD975000B26785 /* DashboardReminderView.swift in Sources */ = {isa = PBXBuildFile; fileRef = 6282649B26AD975000B26785 /* DashboardReminderView.swift */; };
		62ECD27326AEA08000AEDE4C /* BaseWidget.swift in Sources */ = {isa = PBXBuildFile; fileRef = 62ECD27226AEA07F00AEDE4C /* BaseWidget.swift */; };
		62ECD27926AEC56700AEDE4C /* BaseWidgetFooterText.swift in Sources */ = {isa = PBXBuildFile; fileRef = 62ECD27826AEC56700AEDE4C /* BaseWidgetFooterText.swift */; };
		62ECD27D26AEE9AB00AEDE4C /* GoogleService-Info.plist in Resources */ = {isa = PBXBuildFile; fileRef = 62ECD27C26AEE9AB00AEDE4C /* GoogleService-Info.plist */; };
		62ECD27F26AEF29300AEDE4C /* StoreKit.framework in Frameworks */ = {isa = PBXBuildFile; fileRef = 62ECD27E26AEF29300AEDE4C /* StoreKit.framework */; };
		62ECD28326AEF4D200AEDE4C /* Localizable.strings in Resources */ = {isa = PBXBuildFile; fileRef = 62ECD28526AEF4D200AEDE4C /* Localizable.strings */; };
		62ECD28D26B002FA00AEDE4C /* AppDelegate.swift in Sources */ = {isa = PBXBuildFile; fileRef = 62ECD28C26B002FA00AEDE4C /* AppDelegate.swift */; };
		62ECD29226B0198400AEDE4C /* Launch Screen.storyboard in Resources */ = {isa = PBXBuildFile; fileRef = 62ECD29126B0198400AEDE4C /* Launch Screen.storyboard */; };
/* End PBXBuildFile section */

/* Begin PBXFileReference section */
		06DD646AE9B04C6EB34A1EA9 /* Pods-diabetes.release.xcconfig */ = {isa = PBXFileReference; includeInIndex = 1; lastKnownFileType = text.xcconfig; name = "Pods-diabetes.release.xcconfig"; path = "Target Support Files/Pods-diabetes/Pods-diabetes.release.xcconfig"; sourceTree = "<group>"; };
		23261FE3CBE7AE10D7E3D658 /* Pods-diabetes.debug.xcconfig */ = {isa = PBXFileReference; includeInIndex = 1; lastKnownFileType = text.xcconfig; name = "Pods-diabetes.debug.xcconfig"; path = "Target Support Files/Pods-diabetes/Pods-diabetes.debug.xcconfig"; sourceTree = "<group>"; };
		6211B29126B13680001B9DFB /* User.swift */ = {isa = PBXFileReference; lastKnownFileType = sourcecode.swift; path = User.swift; sourceTree = "<group>"; };
		6211B29326B175DB001B9DFB /* PremiumButtonBorder.swift */ = {isa = PBXFileReference; lastKnownFileType = sourcecode.swift; path = PremiumButtonBorder.swift; sourceTree = "<group>"; };
		6211B29626B1D1CA001B9DFB /* Summary.swift */ = {isa = PBXFileReference; lastKnownFileType = sourcecode.swift; path = Summary.swift; sourceTree = "<group>"; };
		6211B29926B1D8CD001B9DFB /* Premium.swift */ = {isa = PBXFileReference; lastKnownFileType = sourcecode.swift; path = Premium.swift; sourceTree = "<group>"; };
		6211B29D26B28E01001B9DFB /* BgColorView.swift */ = {isa = PBXFileReference; lastKnownFileType = sourcecode.swift; path = BgColorView.swift; sourceTree = "<group>"; };
		6282646626AD36B200B26785 /* diabetes.app */ = {isa = PBXFileReference; explicitFileType = wrapper.application; includeInIndex = 0; path = diabetes.app; sourceTree = BUILT_PRODUCTS_DIR; };
		6282646926AD36B200B26785 /* diabetesApp.swift */ = {isa = PBXFileReference; lastKnownFileType = sourcecode.swift; path = diabetesApp.swift; sourceTree = "<group>"; };
		6282646B26AD36B200B26785 /* TabBarView.swift */ = {isa = PBXFileReference; lastKnownFileType = sourcecode.swift; path = TabBarView.swift; sourceTree = "<group>"; };
		6282646D26AD36B400B26785 /* Assets.xcassets */ = {isa = PBXFileReference; lastKnownFileType = folder.assetcatalog; path = Assets.xcassets; sourceTree = "<group>"; };
		6282647026AD36B400B26785 /* Preview Assets.xcassets */ = {isa = PBXFileReference; lastKnownFileType = folder.assetcatalog; path = "Preview Assets.xcassets"; sourceTree = "<group>"; };
		6282647226AD36B400B26785 /* Info.plist */ = {isa = PBXFileReference; lastKnownFileType = text.plist.xml; path = Info.plist; sourceTree = "<group>"; };
		6282648726AD399C00B26785 /* Dashboard.swift */ = {isa = PBXFileReference; lastKnownFileType = sourcecode.swift; path = Dashboard.swift; sourceTree = "<group>"; };
		6282648926AD39B700B26785 /* DiaryView.swift */ = {isa = PBXFileReference; lastKnownFileType = sourcecode.swift; path = DiaryView.swift; sourceTree = "<group>"; };
		6282648B26AD39CA00B26785 /* MoreView.swift */ = {isa = PBXFileReference; lastKnownFileType = sourcecode.swift; path = MoreView.swift; sourceTree = "<group>"; };
		6282648D26AD39E000B26785 /* ReportsView.swift */ = {isa = PBXFileReference; lastKnownFileType = sourcecode.swift; path = ReportsView.swift; sourceTree = "<group>"; };
		6282648F26AD781800B26785 /* DashboardSummary.swift */ = {isa = PBXFileReference; lastKnownFileType = sourcecode.swift; path = DashboardSummary.swift; sourceTree = "<group>"; };
		6282649126AD83BA00B26785 /* DashboardSummaryCardView.swift */ = {isa = PBXFileReference; lastKnownFileType = sourcecode.swift; path = DashboardSummaryCardView.swift; sourceTree = "<group>"; };
		6282649326AD92F100B26785 /* DashboardWidgetHeaderView.swift */ = {isa = PBXFileReference; lastKnownFileType = sourcecode.swift; path = DashboardWidgetHeaderView.swift; sourceTree = "<group>"; };
		6282649526AD970200B26785 /* DashboardWeeklyView.swift */ = {isa = PBXFileReference; lastKnownFileType = sourcecode.swift; path = DashboardWeeklyView.swift; sourceTree = "<group>"; };
		6282649726AD971100B26785 /* DashboardWaterView.swift */ = {isa = PBXFileReference; lastKnownFileType = sourcecode.swift; path = DashboardWaterView.swift; sourceTree = "<group>"; };
		6282649926AD973B00B26785 /* DashboardWeightView.swift */ = {isa = PBXFileReference; lastKnownFileType = sourcecode.swift; path = DashboardWeightView.swift; sourceTree = "<group>"; };
		6282649B26AD975000B26785 /* DashboardReminderView.swift */ = {isa = PBXFileReference; lastKnownFileType = sourcecode.swift; path = DashboardReminderView.swift; sourceTree = "<group>"; };
		62ECD27226AEA07F00AEDE4C /* BaseWidget.swift */ = {isa = PBXFileReference; lastKnownFileType = sourcecode.swift; path = BaseWidget.swift; sourceTree = "<group>"; };
		62ECD27826AEC56700AEDE4C /* BaseWidgetFooterText.swift */ = {isa = PBXFileReference; lastKnownFileType = sourcecode.swift; path = BaseWidgetFooterText.swift; sourceTree = "<group>"; };
		62ECD27C26AEE9AB00AEDE4C /* GoogleService-Info.plist */ = {isa = PBXFileReference; fileEncoding = 4; lastKnownFileType = text.plist.xml; path = "GoogleService-Info.plist"; sourceTree = "<group>"; };
		62ECD27E26AEF29300AEDE4C /* StoreKit.framework */ = {isa = PBXFileReference; lastKnownFileType = wrapper.framework; name = StoreKit.framework; path = System/Library/Frameworks/StoreKit.framework; sourceTree = SDKROOT; };
		62ECD28026AEF29A00AEDE4C /* diabetes.entitlements */ = {isa = PBXFileReference; lastKnownFileType = text.plist.entitlements; path = diabetes.entitlements; sourceTree = "<group>"; };
		62ECD28426AEF4D200AEDE4C /* en */ = {isa = PBXFileReference; lastKnownFileType = text.plist.strings; name = en; path = en.lproj/Localizable.strings; sourceTree = "<group>"; };
		62ECD28626AEF4DB00AEDE4C /* ar */ = {isa = PBXFileReference; lastKnownFileType = text.plist.strings; name = ar; path = ar.lproj/Localizable.strings; sourceTree = "<group>"; };
		62ECD28726AEF4DF00AEDE4C /* nl */ = {isa = PBXFileReference; lastKnownFileType = text.plist.strings; name = nl; path = nl.lproj/Localizable.strings; sourceTree = "<group>"; };
		62ECD28C26B002FA00AEDE4C /* AppDelegate.swift */ = {isa = PBXFileReference; lastKnownFileType = sourcecode.swift; path = AppDelegate.swift; sourceTree = "<group>"; };
		62ECD29126B0198400AEDE4C /* Launch Screen.storyboard */ = {isa = PBXFileReference; lastKnownFileType = file.storyboard; path = "Launch Screen.storyboard"; sourceTree = "<group>"; };
		7EC33606B2243B7C96169581 /* Pods_diabetes.framework */ = {isa = PBXFileReference; explicitFileType = wrapper.framework; includeInIndex = 0; path = Pods_diabetes.framework; sourceTree = BUILT_PRODUCTS_DIR; };
/* End PBXFileReference section */

/* Begin PBXFrameworksBuildPhase section */
		6282646326AD36B200B26785 /* Frameworks */ = {
			isa = PBXFrameworksBuildPhase;
			buildActionMask = 2147483647;
			files = (
				441607BBE32492853BB0A5A0 /* Pods_diabetes.framework in Frameworks */,
				62ECD27F26AEF29300AEDE4C /* StoreKit.framework in Frameworks */,
			);
			runOnlyForDeploymentPostprocessing = 0;
		};
/* End PBXFrameworksBuildPhase section */

/* Begin PBXGroup section */
		2CADB16B2B421ABEE3B2CBD6 /* Frameworks */ = {
			isa = PBXGroup;
			children = (
				62ECD27E26AEF29300AEDE4C /* StoreKit.framework */,
				7EC33606B2243B7C96169581 /* Pods_diabetes.framework */,
			);
			name = Frameworks;
			sourceTree = "<group>";
		};
		6211B28A26B02EFE001B9DFB /* Dashboard */ = {
			isa = PBXGroup;
			children = (
				6282648726AD399C00B26785 /* Dashboard.swift */,
				6282648F26AD781800B26785 /* DashboardSummary.swift */,
				6282649126AD83BA00B26785 /* DashboardSummaryCardView.swift */,
				6282649326AD92F100B26785 /* DashboardWidgetHeaderView.swift */,
				6282649526AD970200B26785 /* DashboardWeeklyView.swift */,
				6282649726AD971100B26785 /* DashboardWaterView.swift */,
				6282649926AD973B00B26785 /* DashboardWeightView.swift */,
				6282649B26AD975000B26785 /* DashboardReminderView.swift */,
			);
			path = Dashboard;
			sourceTree = "<group>";
		};
		6211B28B26B134FE001B9DFB /* More */ = {
			isa = PBXGroup;
			children = (
				6282648B26AD39CA00B26785 /* MoreView.swift */,
			);
			path = More;
			sourceTree = "<group>";
		};
		6211B28C26B13514001B9DFB /* Diary */ = {
			isa = PBXGroup;
			children = (
				6282648926AD39B700B26785 /* DiaryView.swift */,
			);
			path = Diary;
			sourceTree = "<group>";
		};
		6211B28D26B13578001B9DFB /* Model */ = {
			isa = PBXGroup;
			children = (
				6211B29126B13680001B9DFB /* User.swift */,
			);
			path = Model;
			sourceTree = "<group>";
		};
		6211B28E26B13594001B9DFB /* Configuration */ = {
			isa = PBXGroup;
			children = (
			);
			path = Configuration;
			sourceTree = "<group>";
		};
		6211B28F26B135A0001B9DFB /* Service */ = {
			isa = PBXGroup;
			children = (
			);
			path = Service;
			sourceTree = "<group>";
		};
		6211B29026B135BD001B9DFB /* ViewModel */ = {
			isa = PBXGroup;
			children = (
			);
			path = ViewModel;
			sourceTree = "<group>";
		};
		6211B29526B1D1B5001B9DFB /* Summary */ = {
			isa = PBXGroup;
			children = (
				6211B29626B1D1CA001B9DFB /* Summary.swift */,
			);
			path = Summary;
			sourceTree = "<group>";
		};
		6211B29826B1D8B9001B9DFB /* Premium */ = {
			isa = PBXGroup;
			children = (
				6211B29926B1D8CD001B9DFB /* Premium.swift */,
			);
			path = Premium;
			sourceTree = "<group>";
		};
		6282645D26AD36B200B26785 = {
			isa = PBXGroup;
			children = (
				6282646826AD36B200B26785 /* diabetes */,
				6282646726AD36B200B26785 /* Products */,
				C2A1FAC4D7AF941E5297A61A /* Pods */,
				2CADB16B2B421ABEE3B2CBD6 /* Frameworks */,
			);
			sourceTree = "<group>";
		};
		6282646726AD36B200B26785 /* Products */ = {
			isa = PBXGroup;
			children = (
				6282646626AD36B200B26785 /* diabetes.app */,
			);
			name = Products;
			sourceTree = "<group>";
		};
		6282646826AD36B200B26785 /* diabetes */ = {
			isa = PBXGroup;
			children = (
				6282648626AD390500B26785 /* App */,
				6282646926AD36B200B26785 /* diabetesApp.swift */,
				62ECD28C26B002FA00AEDE4C /* AppDelegate.swift */,
				62ECD28526AEF4D200AEDE4C /* Localizable.strings */,
				62ECD28026AEF29A00AEDE4C /* diabetes.entitlements */,
				62ECD27C26AEE9AB00AEDE4C /* GoogleService-Info.plist */,
				6282647226AD36B400B26785 /* Info.plist */,
				6282646D26AD36B400B26785 /* Assets.xcassets */,
				6282646F26AD36B400B26785 /* Preview Content */,
				62ECD29126B0198400AEDE4C /* Launch Screen.storyboard */,
			);
			path = diabetes;
			sourceTree = "<group>";
		};
		6282646F26AD36B400B26785 /* Preview Content */ = {
			isa = PBXGroup;
			children = (
				6282647026AD36B400B26785 /* Preview Assets.xcassets */,
			);
			path = "Preview Content";
			sourceTree = "<group>";
		};
		6282647C26AD382C00B26785 /* Reports */ = {
			isa = PBXGroup;
			children = (
				6282648D26AD39E000B26785 /* ReportsView.swift */,
			);
			path = Reports;
			sourceTree = "<group>";
		};
		6282648626AD390500B26785 /* App */ = {
			isa = PBXGroup;
			children = (
				62ECD27126AEA06000AEDE4C /* Components */,
				6211B28E26B13594001B9DFB /* Configuration */,
				6211B28D26B13578001B9DFB /* Model */,
				6211B28F26B135A0001B9DFB /* Service */,
				62ECD28826AFE83E00AEDE4C /* View */,
				6211B29026B135BD001B9DFB /* ViewModel */,
			);
			path = App;
			sourceTree = "<group>";
		};
		62ECD27126AEA06000AEDE4C /* Components */ = {
			isa = PBXGroup;
			children = (
				62ECD27226AEA07F00AEDE4C /* BaseWidget.swift */,
				62ECD27826AEC56700AEDE4C /* BaseWidgetFooterText.swift */,
				6211B29326B175DB001B9DFB /* PremiumButtonBorder.swift */,
				6211B29D26B28E01001B9DFB /* BgColorView.swift */,
			);
			path = Components;
			sourceTree = "<group>";
		};
		62ECD28826AFE83E00AEDE4C /* View */ = {
			isa = PBXGroup;
			children = (
				6211B29826B1D8B9001B9DFB /* Premium */,
				6211B29526B1D1B5001B9DFB /* Summary */,
				6211B28A26B02EFE001B9DFB /* Dashboard */,
				6211B28C26B13514001B9DFB /* Diary */,
				62ECD28926AFE84C00AEDE4C /* Home */,
				6211B28B26B134FE001B9DFB /* More */,
				6282647C26AD382C00B26785 /* Reports */,
			);
			path = View;
			sourceTree = "<group>";
		};
		62ECD28926AFE84C00AEDE4C /* Home */ = {
			isa = PBXGroup;
			children = (
				6282646B26AD36B200B26785 /* TabBarView.swift */,
			);
			path = Home;
			sourceTree = "<group>";
		};
		C2A1FAC4D7AF941E5297A61A /* Pods */ = {
			isa = PBXGroup;
			children = (
				23261FE3CBE7AE10D7E3D658 /* Pods-diabetes.debug.xcconfig */,
				06DD646AE9B04C6EB34A1EA9 /* Pods-diabetes.release.xcconfig */,
			);
			path = Pods;
			sourceTree = "<group>";
		};
/* End PBXGroup section */

/* Begin PBXNativeTarget section */
		6282646526AD36B200B26785 /* diabetes */ = {
			isa = PBXNativeTarget;
			buildConfigurationList = 6282647526AD36B400B26785 /* Build configuration list for PBXNativeTarget "diabetes" */;
			buildPhases = (
				E299C6621BFF9CC38900F882 /* [CP] Check Pods Manifest.lock */,
				6282646226AD36B200B26785 /* Sources */,
				6282646326AD36B200B26785 /* Frameworks */,
				6282646426AD36B200B26785 /* Resources */,
				FFE9F2B6FBB043864D7D1BF9 /* [CP] Embed Pods Frameworks */,
			);
			buildRules = (
			);
			dependencies = (
			);
			name = diabetes;
			productName = diabetes;
			productReference = 6282646626AD36B200B26785 /* diabetes.app */;
			productType = "com.apple.product-type.application";
		};
/* End PBXNativeTarget section */

/* Begin PBXProject section */
		6282645E26AD36B200B26785 /* Project object */ = {
			isa = PBXProject;
			attributes = {
				LastSwiftUpdateCheck = 1250;
				LastUpgradeCheck = 1250;
				TargetAttributes = {
					6282646526AD36B200B26785 = {
						CreatedOnToolsVersion = 12.5.1;
					};
				};
			};
			buildConfigurationList = 6282646126AD36B200B26785 /* Build configuration list for PBXProject "diabetes" */;
			compatibilityVersion = "Xcode 9.3";
			developmentRegion = en;
			hasScannedForEncodings = 0;
			knownRegions = (
				en,
				Base,
				ar,
				nl,
			);
			mainGroup = 6282645D26AD36B200B26785;
			productRefGroup = 6282646726AD36B200B26785 /* Products */;
			projectDirPath = "";
			projectRoot = "";
			targets = (
				6282646526AD36B200B26785 /* diabetes */,
			);
		};
/* End PBXProject section */

/* Begin PBXResourcesBuildPhase section */
		6282646426AD36B200B26785 /* Resources */ = {
			isa = PBXResourcesBuildPhase;
			buildActionMask = 2147483647;
			files = (
				6282647126AD36B400B26785 /* Preview Assets.xcassets in Resources */,
				62ECD28326AEF4D200AEDE4C /* Localizable.strings in Resources */,
				6282646E26AD36B400B26785 /* Assets.xcassets in Resources */,
				62ECD29226B0198400AEDE4C /* Launch Screen.storyboard in Resources */,
				62ECD27D26AEE9AB00AEDE4C /* GoogleService-Info.plist in Resources */,
			);
			runOnlyForDeploymentPostprocessing = 0;
		};
/* End PBXResourcesBuildPhase section */

/* Begin PBXShellScriptBuildPhase section */
		E299C6621BFF9CC38900F882 /* [CP] Check Pods Manifest.lock */ = {
			isa = PBXShellScriptBuildPhase;
			buildActionMask = 2147483647;
			files = (
			);
			inputFileListPaths = (
			);
			inputPaths = (
				"${PODS_PODFILE_DIR_PATH}/Podfile.lock",
				"${PODS_ROOT}/Manifest.lock",
			);
			name = "[CP] Check Pods Manifest.lock";
			outputFileListPaths = (
			);
			outputPaths = (
				"$(DERIVED_FILE_DIR)/Pods-diabetes-checkManifestLockResult.txt",
			);
			runOnlyForDeploymentPostprocessing = 0;
			shellPath = /bin/sh;
			shellScript = "diff \"${PODS_PODFILE_DIR_PATH}/Podfile.lock\" \"${PODS_ROOT}/Manifest.lock\" > /dev/null\nif [ $? != 0 ] ; then\n    # print error to STDERR\n    echo \"error: The sandbox is not in sync with the Podfile.lock. Run 'pod install' or update your CocoaPods installation.\" >&2\n    exit 1\nfi\n# This output is used by Xcode 'outputs' to avoid re-running this script phase.\necho \"SUCCESS\" > \"${SCRIPT_OUTPUT_FILE_0}\"\n";
			showEnvVarsInLog = 0;
		};
		FFE9F2B6FBB043864D7D1BF9 /* [CP] Embed Pods Frameworks */ = {
			isa = PBXShellScriptBuildPhase;
			buildActionMask = 2147483647;
			files = (
			);
			inputFileListPaths = (
				"${PODS_ROOT}/Target Support Files/Pods-diabetes/Pods-diabetes-frameworks-${CONFIGURATION}-input-files.xcfilelist",
			);
			name = "[CP] Embed Pods Frameworks";
			outputFileListPaths = (
				"${PODS_ROOT}/Target Support Files/Pods-diabetes/Pods-diabetes-frameworks-${CONFIGURATION}-output-files.xcfilelist",
			);
			runOnlyForDeploymentPostprocessing = 0;
			shellPath = /bin/sh;
			shellScript = "\"${PODS_ROOT}/Target Support Files/Pods-diabetes/Pods-diabetes-frameworks.sh\"\n";
			showEnvVarsInLog = 0;
		};
/* End PBXShellScriptBuildPhase section */

/* Begin PBXSourcesBuildPhase section */
		6282646226AD36B200B26785 /* Sources */ = {
			isa = PBXSourcesBuildPhase;
			buildActionMask = 2147483647;
			files = (
				6282649626AD970200B26785 /* DashboardWeeklyView.swift in Sources */,
				6282646C26AD36B200B26785 /* TabBarView.swift in Sources */,
				6282649C26AD975000B26785 /* DashboardReminderView.swift in Sources */,
				6282648826AD399C00B26785 /* Dashboard.swift in Sources */,
				6282648A26AD39B700B26785 /* DiaryView.swift in Sources */,
				6211B29726B1D1CA001B9DFB /* Summary.swift in Sources */,
				6282646A26AD36B200B26785 /* diabetesApp.swift in Sources */,
				6282649226AD83BA00B26785 /* DashboardSummaryCardView.swift in Sources */,
				6211B29226B13680001B9DFB /* User.swift in Sources */,
				6282649826AD971100B26785 /* DashboardWaterView.swift in Sources */,
				62ECD28D26B002FA00AEDE4C /* AppDelegate.swift in Sources */,
				6211B29426B175DB001B9DFB /* PremiumButtonBorder.swift in Sources */,
				6282648E26AD39E000B26785 /* ReportsView.swift in Sources */,
				6211B29E26B28E01001B9DFB /* BgColorView.swift in Sources */,
				6282648C26AD39CA00B26785 /* MoreView.swift in Sources */,
				6282649026AD781800B26785 /* DashboardSummary.swift in Sources */,
				6211B29A26B1D8CD001B9DFB /* Premium.swift in Sources */,
				6282649426AD92F100B26785 /* DashboardWidgetHeaderView.swift in Sources */,
				62ECD27326AEA08000AEDE4C /* BaseWidget.swift in Sources */,
				6282649A26AD973B00B26785 /* DashboardWeightView.swift in Sources */,
				62ECD27926AEC56700AEDE4C /* BaseWidgetFooterText.swift in Sources */,
			);
			runOnlyForDeploymentPostprocessing = 0;
		};
/* End PBXSourcesBuildPhase section */

/* Begin PBXVariantGroup section */
		62ECD28526AEF4D200AEDE4C /* Localizable.strings */ = {
			isa = PBXVariantGroup;
			children = (
				62ECD28426AEF4D200AEDE4C /* en */,
				62ECD28626AEF4DB00AEDE4C /* ar */,
				62ECD28726AEF4DF00AEDE4C /* nl */,
			);
			name = Localizable.strings;
			sourceTree = "<group>";
		};
/* End PBXVariantGroup section */

/* Begin XCBuildConfiguration section */
		6282647326AD36B400B26785 /* Debug */ = {
			isa = XCBuildConfiguration;
			buildSettings = {
				ALWAYS_SEARCH_USER_PATHS = NO;
				CLANG_ANALYZER_LOCALIZABILITY_NONLOCALIZED = YES;
				CLANG_ANALYZER_NONNULL = YES;
				CLANG_ANALYZER_NUMBER_OBJECT_CONVERSION = YES_AGGRESSIVE;
				CLANG_CXX_LANGUAGE_STANDARD = "gnu++14";
				CLANG_CXX_LIBRARY = "libc++";
				CLANG_ENABLE_MODULES = YES;
				CLANG_ENABLE_OBJC_ARC = YES;
				CLANG_ENABLE_OBJC_WEAK = YES;
				CLANG_WARN_BLOCK_CAPTURE_AUTORELEASING = YES;
				CLANG_WARN_BOOL_CONVERSION = YES;
				CLANG_WARN_COMMA = YES;
				CLANG_WARN_CONSTANT_CONVERSION = YES;
				CLANG_WARN_DEPRECATED_OBJC_IMPLEMENTATIONS = YES;
				CLANG_WARN_DIRECT_OBJC_ISA_USAGE = YES_ERROR;
				CLANG_WARN_DOCUMENTATION_COMMENTS = YES;
				CLANG_WARN_EMPTY_BODY = YES;
				CLANG_WARN_ENUM_CONVERSION = YES;
				CLANG_WARN_INFINITE_RECURSION = YES;
				CLANG_WARN_INT_CONVERSION = YES;
				CLANG_WARN_NON_LITERAL_NULL_CONVERSION = YES;
				CLANG_WARN_OBJC_IMPLICIT_RETAIN_SELF = YES;
				CLANG_WARN_OBJC_LITERAL_CONVERSION = YES;
				CLANG_WARN_OBJC_ROOT_CLASS = YES_ERROR;
				CLANG_WARN_QUOTED_INCLUDE_IN_FRAMEWORK_HEADER = YES;
				CLANG_WARN_RANGE_LOOP_ANALYSIS = YES;
				CLANG_WARN_STRICT_PROTOTYPES = YES;
				CLANG_WARN_SUSPICIOUS_MOVE = YES;
				CLANG_WARN_UNGUARDED_AVAILABILITY = YES_AGGRESSIVE;
				CLANG_WARN_UNREACHABLE_CODE = YES;
				CLANG_WARN__DUPLICATE_METHOD_MATCH = YES;
				COPY_PHASE_STRIP = NO;
				DEBUG_INFORMATION_FORMAT = dwarf;
				ENABLE_STRICT_OBJC_MSGSEND = YES;
				ENABLE_TESTABILITY = YES;
				GCC_C_LANGUAGE_STANDARD = gnu11;
				GCC_DYNAMIC_NO_PIC = NO;
				GCC_NO_COMMON_BLOCKS = YES;
				GCC_OPTIMIZATION_LEVEL = 0;
				GCC_PREPROCESSOR_DEFINITIONS = (
					"DEBUG=1",
					"$(inherited)",
				);
				GCC_WARN_64_TO_32_BIT_CONVERSION = YES;
				GCC_WARN_ABOUT_RETURN_TYPE = YES_ERROR;
				GCC_WARN_UNDECLARED_SELECTOR = YES;
				GCC_WARN_UNINITIALIZED_AUTOS = YES_AGGRESSIVE;
				GCC_WARN_UNUSED_FUNCTION = YES;
				GCC_WARN_UNUSED_VARIABLE = YES;
				IPHONEOS_DEPLOYMENT_TARGET = 13.4;
				MTL_ENABLE_DEBUG_INFO = INCLUDE_SOURCE;
				MTL_FAST_MATH = YES;
				ONLY_ACTIVE_ARCH = YES;
				SDKROOT = iphoneos;
				SWIFT_ACTIVE_COMPILATION_CONDITIONS = DEBUG;
				SWIFT_OPTIMIZATION_LEVEL = "-Onone";
			};
			name = Debug;
		};
		6282647426AD36B400B26785 /* Release */ = {
			isa = XCBuildConfiguration;
			buildSettings = {
				ALWAYS_SEARCH_USER_PATHS = NO;
				CLANG_ANALYZER_LOCALIZABILITY_NONLOCALIZED = YES;
				CLANG_ANALYZER_NONNULL = YES;
				CLANG_ANALYZER_NUMBER_OBJECT_CONVERSION = YES_AGGRESSIVE;
				CLANG_CXX_LANGUAGE_STANDARD = "gnu++14";
				CLANG_CXX_LIBRARY = "libc++";
				CLANG_ENABLE_MODULES = YES;
				CLANG_ENABLE_OBJC_ARC = YES;
				CLANG_ENABLE_OBJC_WEAK = YES;
				CLANG_WARN_BLOCK_CAPTURE_AUTORELEASING = YES;
				CLANG_WARN_BOOL_CONVERSION = YES;
				CLANG_WARN_COMMA = YES;
				CLANG_WARN_CONSTANT_CONVERSION = YES;
				CLANG_WARN_DEPRECATED_OBJC_IMPLEMENTATIONS = YES;
				CLANG_WARN_DIRECT_OBJC_ISA_USAGE = YES_ERROR;
				CLANG_WARN_DOCUMENTATION_COMMENTS = YES;
				CLANG_WARN_EMPTY_BODY = YES;
				CLANG_WARN_ENUM_CONVERSION = YES;
				CLANG_WARN_INFINITE_RECURSION = YES;
				CLANG_WARN_INT_CONVERSION = YES;
				CLANG_WARN_NON_LITERAL_NULL_CONVERSION = YES;
				CLANG_WARN_OBJC_IMPLICIT_RETAIN_SELF = YES;
				CLANG_WARN_OBJC_LITERAL_CONVERSION = YES;
				CLANG_WARN_OBJC_ROOT_CLASS = YES_ERROR;
				CLANG_WARN_QUOTED_INCLUDE_IN_FRAMEWORK_HEADER = YES;
				CLANG_WARN_RANGE_LOOP_ANALYSIS = YES;
				CLANG_WARN_STRICT_PROTOTYPES = YES;
				CLANG_WARN_SUSPICIOUS_MOVE = YES;
				CLANG_WARN_UNGUARDED_AVAILABILITY = YES_AGGRESSIVE;
				CLANG_WARN_UNREACHABLE_CODE = YES;
				CLANG_WARN__DUPLICATE_METHOD_MATCH = YES;
				COPY_PHASE_STRIP = NO;
				DEBUG_INFORMATION_FORMAT = "dwarf-with-dsym";
				ENABLE_NS_ASSERTIONS = NO;
				ENABLE_STRICT_OBJC_MSGSEND = YES;
				GCC_C_LANGUAGE_STANDARD = gnu11;
				GCC_NO_COMMON_BLOCKS = YES;
				GCC_WARN_64_TO_32_BIT_CONVERSION = YES;
				GCC_WARN_ABOUT_RETURN_TYPE = YES_ERROR;
				GCC_WARN_UNDECLARED_SELECTOR = YES;
				GCC_WARN_UNINITIALIZED_AUTOS = YES_AGGRESSIVE;
				GCC_WARN_UNUSED_FUNCTION = YES;
				GCC_WARN_UNUSED_VARIABLE = YES;
				IPHONEOS_DEPLOYMENT_TARGET = 13.4;
				MTL_ENABLE_DEBUG_INFO = NO;
				MTL_FAST_MATH = YES;
				SDKROOT = iphoneos;
				SWIFT_COMPILATION_MODE = wholemodule;
				SWIFT_OPTIMIZATION_LEVEL = "-O";
				VALIDATE_PRODUCT = YES;
			};
			name = Release;
		};
		6282647626AD36B400B26785 /* Debug */ = {
			isa = XCBuildConfiguration;
			baseConfigurationReference = 23261FE3CBE7AE10D7E3D658 /* Pods-diabetes.debug.xcconfig */;
			buildSettings = {
				ASSETCATALOG_COMPILER_APPICON_NAME = AppIcon;
				ASSETCATALOG_COMPILER_GLOBAL_ACCENT_COLOR_NAME = AccentColor;
				CODE_SIGN_ENTITLEMENTS = diabetes/diabetes.entitlements;
				CODE_SIGN_STYLE = Automatic;
				DEVELOPMENT_ASSET_PATHS = "\"diabetes/Preview Content\"";
				DEVELOPMENT_TEAM = 8SND9CK6GG;
				ENABLE_PREVIEWS = YES;
				INFOPLIST_FILE = diabetes/Info.plist;
				IPHONEOS_DEPLOYMENT_TARGET = 14.0;
				LD_RUNPATH_SEARCH_PATHS = (
					"$(inherited)",
					"@executable_path/Frameworks",
				);
				PRODUCT_BUNDLE_IDENTIFIER = com.appthena.diabetes;
				PRODUCT_NAME = "$(TARGET_NAME)";
				SWIFT_VERSION = 5.0;
				TARGETED_DEVICE_FAMILY = 1;
			};
			name = Debug;
		};
		6282647726AD36B400B26785 /* Release */ = {
			isa = XCBuildConfiguration;
			baseConfigurationReference = 06DD646AE9B04C6EB34A1EA9 /* Pods-diabetes.release.xcconfig */;
			buildSettings = {
				ASSETCATALOG_COMPILER_APPICON_NAME = AppIcon;
				ASSETCATALOG_COMPILER_GLOBAL_ACCENT_COLOR_NAME = AccentColor;
				CODE_SIGN_ENTITLEMENTS = diabetes/diabetes.entitlements;
				CODE_SIGN_STYLE = Automatic;
				DEVELOPMENT_ASSET_PATHS = "\"diabetes/Preview Content\"";
				DEVELOPMENT_TEAM = 8SND9CK6GG;
				ENABLE_PREVIEWS = YES;
				INFOPLIST_FILE = diabetes/Info.plist;
				IPHONEOS_DEPLOYMENT_TARGET = 14.0;
				LD_RUNPATH_SEARCH_PATHS = (
					"$(inherited)",
					"@executable_path/Frameworks",
				);
				PRODUCT_BUNDLE_IDENTIFIER = com.appthena.diabetes;
				PRODUCT_NAME = "$(TARGET_NAME)";
				SWIFT_VERSION = 5.0;
				TARGETED_DEVICE_FAMILY = 1;
			};
			name = Release;
		};
/* End XCBuildConfiguration section */

/* Begin XCConfigurationList section */
		6282646126AD36B200B26785 /* Build configuration list for PBXProject "diabetes" */ = {
			isa = XCConfigurationList;
			buildConfigurations = (
				6282647326AD36B400B26785 /* Debug */,
				6282647426AD36B400B26785 /* Release */,
			);
			defaultConfigurationIsVisible = 0;
			defaultConfigurationName = Release;
		};
		6282647526AD36B400B26785 /* Build configuration list for PBXNativeTarget "diabetes" */ = {
			isa = XCConfigurationList;
			buildConfigurations = (
				6282647626AD36B400B26785 /* Debug */,
				6282647726AD36B400B26785 /* Release */,
			);
			defaultConfigurationIsVisible = 0;
			defaultConfigurationName = Release;
		};
/* End XCConfigurationList section */
	};
	rootObject = 6282645E26AD36B200B26785 /* Project object */;
}
